
Microsoft Visual Studio Solution File, Format Version 12.00
# Visual Studio 15
VisualStudioVersion = 15.0.26228.12
MinimumVisualStudioVersion = 10.0.40219.1
Project("{FAE04EC0-301F-11D3-BF4B-00C04F79EFBC}") = "Empiria.Documents", "Documents\Empiria.Documents.csproj", "{2BD53D27-BD61-49FE-AFE1-D68E21F58E9A}"
EndProject
Project("{FAE04EC0-301F-11D3-BF4B-00C04F79EFBC}") = "Empiria.Expressions", "Expressions\Empiria.Expressions.csproj", "{52AC7AF2-31BD-4868-958F-C362594CAE73}"
EndProject
Project("{FAE04EC0-301F-11D3-BF4B-00C04F79EFBC}") = "Empiria.Geography", "Geography\Empiria.Geography.csproj", "{96267945-DBE1-4B2C-88E2-0ECDC5CA7669}"
EndProject
Project("{FAE04EC0-301F-11D3-BF4B-00C04F79EFBC}") = "Empiria.Presentation", "Presentation\Empiria.Presentation.csproj", "{2790AD3E-0AE4-4C94-83BA-96BC53185B19}"
EndProject
Project("{FAE04EC0-301F-11D3-BF4B-00C04F79EFBC}") = "Empiria.Presentation.Web", "Presentation.Web\Empiria.Presentation.Web.csproj", "{0AEEA12E-B4F7-4E12-A768-99BB82BD3FC9}"
	ProjectSection(ProjectDependencies) = postProject
		{2790AD3E-0AE4-4C94-83BA-96BC53185B19} = {2790AD3E-0AE4-4C94-83BA-96BC53185B19}
	EndProjectSection
EndProject
Project("{FAE04EC0-301F-11D3-BF4B-00C04F79EFBC}") = "Empiria.WebServices", "WebServices\Empiria.WebServices.csproj", "{29B783CB-DC89-4156-B61C-A889365BC93E}"
	ProjectSection(ProjectDependencies) = postProject
		{2BD53D27-BD61-49FE-AFE1-D68E21F58E9A} = {2BD53D27-BD61-49FE-AFE1-D68E21F58E9A}
		{0AEEA12E-B4F7-4E12-A768-99BB82BD3FC9} = {0AEEA12E-B4F7-4E12-A768-99BB82BD3FC9}
		{2790AD3E-0AE4-4C94-83BA-96BC53185B19} = {2790AD3E-0AE4-4C94-83BA-96BC53185B19}
		{96267945-DBE1-4B2C-88E2-0ECDC5CA7669} = {96267945-DBE1-4B2C-88E2-0ECDC5CA7669}
		{52AC7AF2-31BD-4868-958F-C362594CAE73} = {52AC7AF2-31BD-4868-958F-C362594CAE73}
	EndProjectSection
EndProject
Project("{FAE04EC0-301F-11D3-BF4B-00C04F79EFBC}") = "Empiria.Data.Convertion", "Data.Converter\Empiria.Data.Convertion.csproj", "{72057702-C138-444B-8074-FBF7215A3D3A}"
EndProject
Project("{FAE04EC0-301F-11D3-BF4B-00C04F79EFBC}") = "Empiria.Messaging", "Messaging\Empiria.Messaging.csproj", "{F645AD11-F071-46C4-99E0-8419E6A291D1}"
EndProject
Project("{FAE04EC0-301F-11D3-BF4B-00C04F79EFBC}") = "Empiria.Microservices", "Microservices\Empiria.Microservices.csproj", "{C713189F-B0AD-49F0-926D-361B15D567E0}"
EndProject
Project("{FAE04EC0-301F-11D3-BF4B-00C04F79EFBC}") = "Empiria.WebApi", "WebApi\Empiria.WebApi.csproj", "{42B7D25B-356F-4E93-9F17-A2F9422C368D}"
EndProject
Project("{FAE04EC0-301F-11D3-BF4B-00C04F79EFBC}") = "Empiria.WebApi.Client", "WebApi.Client\Empiria.WebApi.Client.csproj", "{E372C9E6-68A9-4D85-83C1-254AC6B32D1B}"
EndProject
Project("{FAE04EC0-301F-11D3-BF4B-00C04F79EFBC}") = "Empiria.Data.Modeler", "Data.Modeler\Empiria.Data.Modeler.csproj", "{580C1FE5-3838-49BA-A837-61FEE2A9178D}"
EndProject
Project("{FAE04EC0-301F-11D3-BF4B-00C04F79EFBC}") = "Empiria.WebApi.Client.Tests", "WebApi.Client.Tests\Empiria.WebApi.Client.Tests.csproj", "{AEFF8659-C64D-4AA9-ABAA-DB9D6E3767C5}"
EndProject
Global
	GlobalSection(SolutionConfigurationPlatforms) = preSolution
		Debug|Any CPU = Debug|Any CPU
		Debug|x64 = Debug|x64
		Debug|x86 = Debug|x86
		Release|Any CPU = Release|Any CPU
		Release|x64 = Release|x64
		Release|x86 = Release|x86
	EndGlobalSection
	GlobalSection(ProjectConfigurationPlatforms) = postSolution
		{2BD53D27-BD61-49FE-AFE1-D68E21F58E9A}.Debug|Any CPU.ActiveCfg = Debug|Any CPU
		{2BD53D27-BD61-49FE-AFE1-D68E21F58E9A}.Debug|Any CPU.Build.0 = Debug|Any CPU
		{2BD53D27-BD61-49FE-AFE1-D68E21F58E9A}.Debug|x64.ActiveCfg = Debug|x64
		{2BD53D27-BD61-49FE-AFE1-D68E21F58E9A}.Debug|x64.Build.0 = Debug|x64
		{2BD53D27-BD61-49FE-AFE1-D68E21F58E9A}.Debug|x86.ActiveCfg = Debug|x86
		{2BD53D27-BD61-49FE-AFE1-D68E21F58E9A}.Debug|x86.Build.0 = Debug|x86
		{2BD53D27-BD61-49FE-AFE1-D68E21F58E9A}.Release|Any CPU.ActiveCfg = Release|Any CPU
		{2BD53D27-BD61-49FE-AFE1-D68E21F58E9A}.Release|Any CPU.Build.0 = Release|Any CPU
		{2BD53D27-BD61-49FE-AFE1-D68E21F58E9A}.Release|x64.ActiveCfg = Release|x64
		{2BD53D27-BD61-49FE-AFE1-D68E21F58E9A}.Release|x64.Build.0 = Release|x64
		{2BD53D27-BD61-49FE-AFE1-D68E21F58E9A}.Release|x86.ActiveCfg = Release|x86
		{2BD53D27-BD61-49FE-AFE1-D68E21F58E9A}.Release|x86.Build.0 = Release|x86
		{52AC7AF2-31BD-4868-958F-C362594CAE73}.Debug|Any CPU.ActiveCfg = Debug|Any CPU
		{52AC7AF2-31BD-4868-958F-C362594CAE73}.Debug|Any CPU.Build.0 = Debug|Any CPU
		{52AC7AF2-31BD-4868-958F-C362594CAE73}.Debug|x64.ActiveCfg = Debug|Any CPU
		{52AC7AF2-31BD-4868-958F-C362594CAE73}.Debug|x86.ActiveCfg = Debug|Any CPU
		{52AC7AF2-31BD-4868-958F-C362594CAE73}.Release|Any CPU.ActiveCfg = Release|Any CPU
		{52AC7AF2-31BD-4868-958F-C362594CAE73}.Release|Any CPU.Build.0 = Release|Any CPU
		{52AC7AF2-31BD-4868-958F-C362594CAE73}.Release|x64.ActiveCfg = Release|Any CPU
		{52AC7AF2-31BD-4868-958F-C362594CAE73}.Release|x86.ActiveCfg = Release|Any CPU
		{96267945-DBE1-4B2C-88E2-0ECDC5CA7669}.Debug|Any CPU.ActiveCfg = Debug|Any CPU
		{96267945-DBE1-4B2C-88E2-0ECDC5CA7669}.Debug|Any CPU.Build.0 = Debug|Any CPU
		{96267945-DBE1-4B2C-88E2-0ECDC5CA7669}.Debug|x64.ActiveCfg = Debug|x64
		{96267945-DBE1-4B2C-88E2-0ECDC5CA7669}.Debug|x64.Build.0 = Debug|x64
		{96267945-DBE1-4B2C-88E2-0ECDC5CA7669}.Debug|x86.ActiveCfg = Debug|x86
		{96267945-DBE1-4B2C-88E2-0ECDC5CA7669}.Debug|x86.Build.0 = Debug|x86
		{96267945-DBE1-4B2C-88E2-0ECDC5CA7669}.Release|Any CPU.ActiveCfg = Release|Any CPU
		{96267945-DBE1-4B2C-88E2-0ECDC5CA7669}.Release|Any CPU.Build.0 = Release|Any CPU
		{96267945-DBE1-4B2C-88E2-0ECDC5CA7669}.Release|x64.ActiveCfg = Release|x64
		{96267945-DBE1-4B2C-88E2-0ECDC5CA7669}.Release|x64.Build.0 = Release|x64
		{96267945-DBE1-4B2C-88E2-0ECDC5CA7669}.Release|x86.ActiveCfg = Release|x86
		{96267945-DBE1-4B2C-88E2-0ECDC5CA7669}.Release|x86.Build.0 = Release|x86
		{2790AD3E-0AE4-4C94-83BA-96BC53185B19}.Debug|Any CPU.ActiveCfg = Debug|Any CPU
		{2790AD3E-0AE4-4C94-83BA-96BC53185B19}.Debug|Any CPU.Build.0 = Debug|Any CPU
		{2790AD3E-0AE4-4C94-83BA-96BC53185B19}.Debug|x64.ActiveCfg = Debug|x64
		{2790AD3E-0AE4-4C94-83BA-96BC53185B19}.Debug|x64.Build.0 = Debug|x64
		{2790AD3E-0AE4-4C94-83BA-96BC53185B19}.Debug|x86.ActiveCfg = Debug|x86
		{2790AD3E-0AE4-4C94-83BA-96BC53185B19}.Debug|x86.Build.0 = Debug|x86
		{2790AD3E-0AE4-4C94-83BA-96BC53185B19}.Release|Any CPU.ActiveCfg = Release|Any CPU
		{2790AD3E-0AE4-4C94-83BA-96BC53185B19}.Release|Any CPU.Build.0 = Release|Any CPU
		{2790AD3E-0AE4-4C94-83BA-96BC53185B19}.Release|x64.ActiveCfg = Release|x64
		{2790AD3E-0AE4-4C94-83BA-96BC53185B19}.Release|x64.Build.0 = Release|x64
		{2790AD3E-0AE4-4C94-83BA-96BC53185B19}.Release|x86.ActiveCfg = Release|x86
		{2790AD3E-0AE4-4C94-83BA-96BC53185B19}.Release|x86.Build.0 = Release|x86
		{0AEEA12E-B4F7-4E12-A768-99BB82BD3FC9}.Debug|Any CPU.ActiveCfg = Debug|Any CPU
		{0AEEA12E-B4F7-4E12-A768-99BB82BD3FC9}.Debug|Any CPU.Build.0 = Debug|Any CPU
		{0AEEA12E-B4F7-4E12-A768-99BB82BD3FC9}.Debug|x64.ActiveCfg = Debug|x64
		{0AEEA12E-B4F7-4E12-A768-99BB82BD3FC9}.Debug|x64.Build.0 = Debug|x64
		{0AEEA12E-B4F7-4E12-A768-99BB82BD3FC9}.Debug|x86.ActiveCfg = Debug|x86
		{0AEEA12E-B4F7-4E12-A768-99BB82BD3FC9}.Debug|x86.Build.0 = Debug|x86
		{0AEEA12E-B4F7-4E12-A768-99BB82BD3FC9}.Release|Any CPU.ActiveCfg = Release|Any CPU
		{0AEEA12E-B4F7-4E12-A768-99BB82BD3FC9}.Release|Any CPU.Build.0 = Release|Any CPU
		{0AEEA12E-B4F7-4E12-A768-99BB82BD3FC9}.Release|x64.ActiveCfg = Release|x64
		{0AEEA12E-B4F7-4E12-A768-99BB82BD3FC9}.Release|x64.Build.0 = Release|x64
		{0AEEA12E-B4F7-4E12-A768-99BB82BD3FC9}.Release|x86.ActiveCfg = Release|x86
		{0AEEA12E-B4F7-4E12-A768-99BB82BD3FC9}.Release|x86.Build.0 = Release|x86
		{29B783CB-DC89-4156-B61C-A889365BC93E}.Debug|Any CPU.ActiveCfg = Debug|Any CPU
		{29B783CB-DC89-4156-B61C-A889365BC93E}.Debug|Any CPU.Build.0 = Debug|Any CPU
		{29B783CB-DC89-4156-B61C-A889365BC93E}.Debug|x64.ActiveCfg = Debug|Any CPU
		{29B783CB-DC89-4156-B61C-A889365BC93E}.Debug|x86.ActiveCfg = Debug|Any CPU
		{29B783CB-DC89-4156-B61C-A889365BC93E}.Release|Any CPU.ActiveCfg = Release|Any CPU
		{29B783CB-DC89-4156-B61C-A889365BC93E}.Release|Any CPU.Build.0 = Release|Any CPU
		{29B783CB-DC89-4156-B61C-A889365BC93E}.Release|x64.ActiveCfg = Release|Any CPU
		{29B783CB-DC89-4156-B61C-A889365BC93E}.Release|x86.ActiveCfg = Release|Any CPU
		{72057702-C138-444B-8074-FBF7215A3D3A}.Debug|Any CPU.ActiveCfg = Debug|Any CPU
		{72057702-C138-444B-8074-FBF7215A3D3A}.Debug|Any CPU.Build.0 = Debug|Any CPU
		{72057702-C138-444B-8074-FBF7215A3D3A}.Debug|x64.ActiveCfg = Debug|x64
		{72057702-C138-444B-8074-FBF7215A3D3A}.Debug|x64.Build.0 = Debug|x64
		{72057702-C138-444B-8074-FBF7215A3D3A}.Debug|x86.ActiveCfg = Debug|x86
		{72057702-C138-444B-8074-FBF7215A3D3A}.Debug|x86.Build.0 = Debug|x86
		{72057702-C138-444B-8074-FBF7215A3D3A}.Release|Any CPU.ActiveCfg = Release|Any CPU
		{72057702-C138-444B-8074-FBF7215A3D3A}.Release|Any CPU.Build.0 = Release|Any CPU
		{72057702-C138-444B-8074-FBF7215A3D3A}.Release|x64.ActiveCfg = Release|x64
		{72057702-C138-444B-8074-FBF7215A3D3A}.Release|x64.Build.0 = Release|x64
		{72057702-C138-444B-8074-FBF7215A3D3A}.Release|x86.ActiveCfg = Release|x86
		{72057702-C138-444B-8074-FBF7215A3D3A}.Release|x86.Build.0 = Release|x86
		{F645AD11-F071-46C4-99E0-8419E6A291D1}.Debug|Any CPU.ActiveCfg = Debug|Any CPU
		{F645AD11-F071-46C4-99E0-8419E6A291D1}.Debug|Any CPU.Build.0 = Debug|Any CPU
		{F645AD11-F071-46C4-99E0-8419E6A291D1}.Debug|x64.ActiveCfg = Debug|x64
		{F645AD11-F071-46C4-99E0-8419E6A291D1}.Debug|x64.Build.0 = Debug|x64
		{F645AD11-F071-46C4-99E0-8419E6A291D1}.Debug|x86.ActiveCfg = Debug|x86
		{F645AD11-F071-46C4-99E0-8419E6A291D1}.Debug|x86.Build.0 = Debug|x86
		{F645AD11-F071-46C4-99E0-8419E6A291D1}.Release|Any CPU.ActiveCfg = Release|Any CPU
		{F645AD11-F071-46C4-99E0-8419E6A291D1}.Release|Any CPU.Build.0 = Release|Any CPU
		{F645AD11-F071-46C4-99E0-8419E6A291D1}.Release|x64.ActiveCfg = Release|x64
		{F645AD11-F071-46C4-99E0-8419E6A291D1}.Release|x64.Build.0 = Release|x64
		{F645AD11-F071-46C4-99E0-8419E6A291D1}.Release|x86.ActiveCfg = Release|x86
		{F645AD11-F071-46C4-99E0-8419E6A291D1}.Release|x86.Build.0 = Release|x86
		{C713189F-B0AD-49F0-926D-361B15D567E0}.Debug|Any CPU.ActiveCfg = Debug|Any CPU
		{C713189F-B0AD-49F0-926D-361B15D567E0}.Debug|Any CPU.Build.0 = Debug|Any CPU
		{C713189F-B0AD-49F0-926D-361B15D567E0}.Debug|x64.ActiveCfg = Debug|Any CPU
		{C713189F-B0AD-49F0-926D-361B15D567E0}.Debug|x64.Build.0 = Debug|Any CPU
		{C713189F-B0AD-49F0-926D-361B15D567E0}.Debug|x86.ActiveCfg = Debug|Any CPU
		{C713189F-B0AD-49F0-926D-361B15D567E0}.Debug|x86.Build.0 = Debug|Any CPU
		{C713189F-B0AD-49F0-926D-361B15D567E0}.Release|Any CPU.ActiveCfg = Release|Any CPU
		{C713189F-B0AD-49F0-926D-361B15D567E0}.Release|Any CPU.Build.0 = Release|Any CPU
		{C713189F-B0AD-49F0-926D-361B15D567E0}.Release|x64.ActiveCfg = Release|Any CPU
		{C713189F-B0AD-49F0-926D-361B15D567E0}.Release|x64.Build.0 = Release|Any CPU
		{C713189F-B0AD-49F0-926D-361B15D567E0}.Release|x86.ActiveCfg = Release|Any CPU
		{C713189F-B0AD-49F0-926D-361B15D567E0}.Release|x86.Build.0 = Release|Any CPU
		{42B7D25B-356F-4E93-9F17-A2F9422C368D}.Debug|Any CPU.ActiveCfg = Debug|Any CPU
		{42B7D25B-356F-4E93-9F17-A2F9422C368D}.Debug|Any CPU.Build.0 = Debug|Any CPU
		{42B7D25B-356F-4E93-9F17-A2F9422C368D}.Debug|x64.ActiveCfg = Debug|Any CPU
		{42B7D25B-356F-4E93-9F17-A2F9422C368D}.Debug|x64.Build.0 = Debug|Any CPU
		{42B7D25B-356F-4E93-9F17-A2F9422C368D}.Debug|x86.ActiveCfg = Debug|Any CPU
		{42B7D25B-356F-4E93-9F17-A2F9422C368D}.Debug|x86.Build.0 = Debug|Any CPU
		{42B7D25B-356F-4E93-9F17-A2F9422C368D}.Release|Any CPU.ActiveCfg = Release|Any CPU
		{42B7D25B-356F-4E93-9F17-A2F9422C368D}.Release|Any CPU.Build.0 = Release|Any CPU
		{42B7D25B-356F-4E93-9F17-A2F9422C368D}.Release|x64.ActiveCfg = Release|Any CPU
		{42B7D25B-356F-4E93-9F17-A2F9422C368D}.Release|x64.Build.0 = Release|Any CPU
		{42B7D25B-356F-4E93-9F17-A2F9422C368D}.Release|x86.ActiveCfg = Release|Any CPU
		{42B7D25B-356F-4E93-9F17-A2F9422C368D}.Release|x86.Build.0 = Release|Any CPU
		{E372C9E6-68A9-4D85-83C1-254AC6B32D1B}.Debug|Any CPU.ActiveCfg = Debug|Any CPU
		{E372C9E6-68A9-4D85-83C1-254AC6B32D1B}.Debug|Any CPU.Build.0 = Debug|Any CPU
		{E372C9E6-68A9-4D85-83C1-254AC6B32D1B}.Debug|x64.ActiveCfg = Debug|Any CPU
		{E372C9E6-68A9-4D85-83C1-254AC6B32D1B}.Debug|x64.Build.0 = Debug|Any CPU
		{E372C9E6-68A9-4D85-83C1-254AC6B32D1B}.Debug|x86.ActiveCfg = Debug|Any CPU
		{E372C9E6-68A9-4D85-83C1-254AC6B32D1B}.Debug|x86.Build.0 = Debug|Any CPU
		{E372C9E6-68A9-4D85-83C1-254AC6B32D1B}.Release|Any CPU.ActiveCfg = Release|Any CPU
		{E372C9E6-68A9-4D85-83C1-254AC6B32D1B}.Release|Any CPU.Build.0 = Release|Any CPU
		{E372C9E6-68A9-4D85-83C1-254AC6B32D1B}.Release|x64.ActiveCfg = Release|Any CPU
		{E372C9E6-68A9-4D85-83C1-254AC6B32D1B}.Release|x64.Build.0 = Release|Any CPU
		{E372C9E6-68A9-4D85-83C1-254AC6B32D1B}.Release|x86.ActiveCfg = Release|Any CPU
		{E372C9E6-68A9-4D85-83C1-254AC6B32D1B}.Release|x86.Build.0 = Release|Any CPU
		{580C1FE5-3838-49BA-A837-61FEE2A9178D}.Debug|Any CPU.ActiveCfg = Debug|Any CPU
		{580C1FE5-3838-49BA-A837-61FEE2A9178D}.Debug|Any CPU.Build.0 = Debug|Any CPU
		{580C1FE5-3838-49BA-A837-61FEE2A9178D}.Debug|x64.ActiveCfg = Debug|x64
		{580C1FE5-3838-49BA-A837-61FEE2A9178D}.Debug|x64.Build.0 = Debug|x64
		{580C1FE5-3838-49BA-A837-61FEE2A9178D}.Debug|x86.ActiveCfg = Debug|x86
		{580C1FE5-3838-49BA-A837-61FEE2A9178D}.Debug|x86.Build.0 = Debug|x86
		{580C1FE5-3838-49BA-A837-61FEE2A9178D}.Release|Any CPU.ActiveCfg = Release|Any CPU
		{580C1FE5-3838-49BA-A837-61FEE2A9178D}.Release|Any CPU.Build.0 = Release|Any CPU
		{580C1FE5-3838-49BA-A837-61FEE2A9178D}.Release|x64.ActiveCfg = Release|x64
		{580C1FE5-3838-49BA-A837-61FEE2A9178D}.Release|x64.Build.0 = Release|x64
		{580C1FE5-3838-49BA-A837-61FEE2A9178D}.Release|x86.ActiveCfg = Release|x86
		{580C1FE5-3838-49BA-A837-61FEE2A9178D}.Release|x86.Build.0 = Release|x86
		{AEFF8659-C64D-4AA9-ABAA-DB9D6E3767C5}.Debug|Any CPU.ActiveCfg = Debug|Any CPU
		{AEFF8659-C64D-4AA9-ABAA-DB9D6E3767C5}.Debug|Any CPU.Build.0 = Debug|Any CPU
		{AEFF8659-C64D-4AA9-ABAA-DB9D6E3767C5}.Debug|x64.ActiveCfg = Debug|Any CPU
		{AEFF8659-C64D-4AA9-ABAA-DB9D6E3767C5}.Debug|x64.Build.0 = Debug|Any CPU
		{AEFF8659-C64D-4AA9-ABAA-DB9D6E3767C5}.Debug|x86.ActiveCfg = Debug|Any CPU
		{AEFF8659-C64D-4AA9-ABAA-DB9D6E3767C5}.Debug|x86.Build.0 = Debug|Any CPU
		{AEFF8659-C64D-4AA9-ABAA-DB9D6E3767C5}.Release|Any CPU.ActiveCfg = Release|Any CPU
		{AEFF8659-C64D-4AA9-ABAA-DB9D6E3767C5}.Release|Any CPU.Build.0 = Release|Any CPU
		{AEFF8659-C64D-4AA9-ABAA-DB9D6E3767C5}.Release|x64.ActiveCfg = Release|Any CPU
		{AEFF8659-C64D-4AA9-ABAA-DB9D6E3767C5}.Release|x64.Build.0 = Release|Any CPU
		{AEFF8659-C64D-4AA9-ABAA-DB9D6E3767C5}.Release|x86.ActiveCfg = Release|Any CPU
		{AEFF8659-C64D-4AA9-ABAA-DB9D6E3767C5}.Release|x86.Build.0 = Release|Any CPU
	EndGlobalSection
	GlobalSection(SolutionProperties) = preSolution
		HideSolutionNode = FALSE
	EndGlobalSection
EndGlobal
